
Microsoft Visual Studio Solution File, Format Version 12.00
# Visual Studio Version 16
VisualStudioVersion = 16.0.32407.337
MinimumVisualStudioVersion = 10.0.40219.1
Project("{FAE04EC0-301F-11D3-BF4B-00C04F79EFBC}") = "сигнализация", "сигнализация\сигнализация.csproj", "{EDB0B66D-F1D1-4961-9292-BFEF16140E92}"
EndProject
Global
	GlobalSection(SolutionConfigurationPlatforms) = preSolution
		Debug|Any CPU = Debug|Any CPU
		Release|Any CPU = Release|Any CPU
	EndGlobalSection
	GlobalSection(ProjectConfigurationPlatforms) = postSolution
		{EDB0B66D-F1D1-4961-9292-BFEF16140E92}.Debug|Any CPU.ActiveCfg = Debug|Any CPU
		{EDB0B66D-F1D1-4961-9292-BFEF16140E92}.Debug|Any CPU.Build.0 = Debug|Any CPU
		{EDB0B66D-F1D1-4961-9292-BFEF16140E92}.Release|Any CPU.ActiveCfg = Release|Any CPU
		{EDB0B66D-F1D1-4961-9292-BFEF16140E92}.Release|Any CPU.Build.0 = Release|Any CPU
	EndGlobalSection
	GlobalSection(SolutionProperties) = preSolution
		HideSolutionNode = FALSE
	EndGlobalSection
	GlobalSection(ExtensibilityGlobals) = postSolution
		SolutionGuid = {45ADEE5A-9D06-44AE-8520-BDF3563CE271}
	EndGlobalSection
EndGlobal
